
Microsoft Visual Studio Solution File, Format Version 12.00
# Visual Studio Version 17
VisualStudioVersion = 17.13.35828.75 d17.13
MinimumVisualStudioVersion = 10.0.40219.1
Project("{FAE04EC0-301F-11D3-BF4B-00C04F79EFBC}") = "HeadHunter_API_Salary_Calc", "HeadHunter_API_Salary_Calc\HeadHunter_API_Salary_Calc.csproj", "{B79A28F7-B7C5-4B94-AFAD-AEAD65F8391B}"
EndProject
Global
	GlobalSection(SolutionConfigurationPlatforms) = preSolution
		Debug|Any CPU = Debug|Any CPU
		Release|Any CPU = Release|Any CPU
	EndGlobalSection
	GlobalSection(ProjectConfigurationPlatforms) = postSolution
		{B79A28F7-B7C5-4B94-AFAD-AEAD65F8391B}.Debug|Any CPU.ActiveCfg = Debug|Any CPU
		{B79A28F7-B7C5-4B94-AFAD-AEAD65F8391B}.Debug|Any CPU.Build.0 = Debug|Any CPU
		{B79A28F7-B7C5-4B94-AFAD-AEAD65F8391B}.Release|Any CPU.ActiveCfg = Release|Any CPU
		{B79A28F7-B7C5-4B94-AFAD-AEAD65F8391B}.Release|Any CPU.Build.0 = Release|Any CPU
	EndGlobalSection
	GlobalSection(SolutionProperties) = preSolution
		HideSolutionNode = FALSE
	EndGlobalSection
	GlobalSection(ExtensibilityGlobals) = postSolution
		SolutionGuid = {A790FDDF-8A8F-45D5-953E-2B8E664DF2DB}
	EndGlobalSection
EndGlobal
